<?xml version="1.0" encoding="utf-8"?>
<Project ToolsVersion="4.0" xmlns="http://schemas.microsoft.com/developer/msbuild/2003">
  <ItemGroup>
    <Filter Include="Source Files">
      <UniqueIdentifier>{4FC737F1-C7A5-4376-A066-2A32D752A2FF}</UniqueIdentifier>
      <Extensions>cpp;c;cc;cxx;c++;cppm;ixx;def;odl;idl;hpj;bat;asm;asmx</Extensions>
    </Filter>
    <Filter Include="Header Files">
      <UniqueIdentifier>{93995380-89BD-4b04-88EB-625FBE52EBFB}</UniqueIdentifier>
      <Extensions>h;hh;hpp;hxx;h++;hm;inl;inc;ipp;xsd</Extensions>
    </Filter>
    <Filter Include="Source Files\Resource Files">
      <UniqueIdentifier>{67DA6AB6-F800-4c08-8B7A-83BB121AAD01}</UniqueIdentifier>
      <Extensions>rc;ico;cur;bmp;dlg;rc2;rct;bin;rgs;gif;jpg;jpeg;jpe;resx;tiff;tif;png;wav;mfcribbon-ms</Extensions>
    </Filter>
  </ItemGroup>
  <ItemGroup>
    <ClInclude Include="..\AnatomyLineData.h">
      <Filter>Header Files</Filter>
    </ClInclude>
    <ClInclude Include="..\CreateAnatomies.h">
      <Filter>Header Files</Filter>
    </ClInclude>
    <ClInclude Include="..\Dissection.h">
      <Filter>Header Files</Filter>
    </ClInclude>
    <ClInclude Include="..\Enums.h">
      <Filter>Header Files</Filter>
    </ClInclude>
    <ClInclude Include="..\Grasping.h">
      <Filter>Header Files</Filter>
    </ClInclude>
    <ClInclude Include="..\HealthStates.h">
      <Filter>Header Files</Filter>
    </ClInclude>
    <ClInclude Include="..\Hud.h">
      <Filter>Header Files</Filter>
    </ClInclude>
    <ClInclude Include="..\icon_data.h">
      <Filter>Header Files</Filter>
    </ClInclude>
    <ClInclude Include="..\InstructionsScreen.h">
      <Filter>Header Files</Filter>
    </ClInclude>
    <ClInclude Include="..\Instruments.h">
      <Filter>Header Files</Filter>
    </ClInclude>
    <ClInclude Include="..\Keyboard.h">
      <Filter>Header Files</Filter>
    </ClInclude>
    <ClInclude Include="..\Liquids.h">
      <Filter>Header Files</Filter>
    </ClInclude>
    <ClInclude Include="..\LiquidVolumes.h">
      <Filter>Header Files</Filter>
    </ClInclude>
    <ClInclude Include="..\MessageHandler.h">
      <Filter>Header Files</Filter>
    </ClInclude>
    <ClInclude Include="..\ParticleSystem.h">
      <Filter>Header Files</Filter>
    </ClInclude>
    <ClInclude Include="..\TexLineCharIdx.h">
      <Filter>Header Files</Filter>
    </ClInclude>
    <ClInclude Include="..\TitleScreen.h">
      <Filter>Header Files</Filter>
    </ClInclude>
    <ClInclude Include="..\ToolMenus.h">
      <Filter>Header Files</Filter>
    </ClInclude>
    <ClInclude Include="..\TubeTopology.h">
      <Filter>Header Files</Filter>
    </ClInclude>
    <ClInclude Include="..\InstrumentData.h">
      <Filter>Header Files</Filter>
    </ClInclude>
  </ItemGroup>
  <ItemGroup>
    <ClCompile Include="..\surgsim_lite.cpp">
      <Filter>Source Files</Filter>
    </ClCompile>
  </ItemGroup>
  <ItemGroup>
    <None Include="..\build.sh" />
  </ItemGroup>
  <ItemGroup>
    <Text Include="..\title.txt" />
  </ItemGroup>
</Project>